
Microsoft Visual Studio Solution File, Format Version 12.00
# Visual Studio Version 16
VisualStudioVersion = 16.0.28711.60
MinimumVisualStudioVersion = 10.0.40219.1
Project("{9092AA53-FB77-4645-B42D-1CCCA6BD08BD}") = "Cryptoping-Node-Backend", "Cryptoping-Node-Backend.njsproj", "{A60BB33A-1315-4E24-89C5-1248848E5D9E}"
EndProject
Global
	GlobalSection(SolutionConfigurationPlatforms) = preSolution
		Debug|Any CPU = Debug|Any CPU
		Release|Any CPU = Release|Any CPU
	EndGlobalSection
	GlobalSection(ProjectConfigurationPlatforms) = postSolution
		{A60BB33A-1315-4E24-89C5-1248848E5D9E}.Debug|Any CPU.ActiveCfg = Debug|Any CPU
		{A60BB33A-1315-4E24-89C5-1248848E5D9E}.Debug|Any CPU.Build.0 = Debug|Any CPU
		{A60BB33A-1315-4E24-89C5-1248848E5D9E}.Release|Any CPU.ActiveCfg = Release|Any CPU
		{A60BB33A-1315-4E24-89C5-1248848E5D9E}.Release|Any CPU.Build.0 = Release|Any CPU
	EndGlobalSection
	GlobalSection(SolutionProperties) = preSolution
		HideSolutionNode = FALSE
	EndGlobalSection
	GlobalSection(ExtensibilityGlobals) = postSolution
		SolutionGuid = {7C22FB34-87BE-46BF-B345-8D561820C9D3}
	EndGlobalSection
EndGlobal
